
Microsoft Visual Studio Solution File, Format Version 12.00
# Visual Studio Version 16
VisualStudioVersion = 16.0.30309.148
MinimumVisualStudioVersion = 10.0.40219.1
Project("{FAE04EC0-301F-11D3-BF4B-00C04F79EFBC}") = "ConsoleApp", "ConsoleApp\ConsoleApp.csproj", "{8884B919-ED52-466F-AACB-5DD83E13FC36}"
EndProject
Global
	GlobalSection(SolutionConfigurationPlatforms) = preSolution
		Debug|Any CPU = Debug|Any CPU
		Release|Any CPU = Release|Any CPU
	EndGlobalSection
	GlobalSection(ProjectConfigurationPlatforms) = postSolution
		{8884B919-ED52-466F-AACB-5DD83E13FC36}.Debug|Any CPU.ActiveCfg = Debug|Any CPU
		{8884B919-ED52-466F-AACB-5DD83E13FC36}.Debug|Any CPU.Build.0 = Debug|Any CPU
		{8884B919-ED52-466F-AACB-5DD83E13FC36}.Release|Any CPU.ActiveCfg = Release|Any CPU
		{8884B919-ED52-466F-AACB-5DD83E13FC36}.Release|Any CPU.Build.0 = Release|Any CPU
	EndGlobalSection
	GlobalSection(SolutionProperties) = preSolution
		HideSolutionNode = FALSE
	EndGlobalSection
	GlobalSection(ExtensibilityGlobals) = postSolution
		SolutionGuid = {EC71AA0E-7A26-4B70-BCD1-B4177830524E}
	EndGlobalSection
EndGlobal
